
Microsoft Visual Studio Solution File, Format Version 12.00
# Visual Studio 15
VisualStudioVersion = 15.0.28307.136
MinimumVisualStudioVersion = 10.0.40219.1
Project("{FAE04EC0-301F-11D3-BF4B-00C04F79EFBC}") = "BonusThree", "BonusThree.csproj", "{20B76CFC-6470-4755-83DD-EF2D3B0ABFDA}"
EndProject
Global
	GlobalSection(SolutionConfigurationPlatforms) = preSolution
		Debug|Any CPU = Debug|Any CPU
		Release|Any CPU = Release|Any CPU
	EndGlobalSection
	GlobalSection(ProjectConfigurationPlatforms) = postSolution
		{20B76CFC-6470-4755-83DD-EF2D3B0ABFDA}.Debug|Any CPU.ActiveCfg = Debug|Any CPU
		{20B76CFC-6470-4755-83DD-EF2D3B0ABFDA}.Debug|Any CPU.Build.0 = Debug|Any CPU
		{20B76CFC-6470-4755-83DD-EF2D3B0ABFDA}.Release|Any CPU.ActiveCfg = Release|Any CPU
		{20B76CFC-6470-4755-83DD-EF2D3B0ABFDA}.Release|Any CPU.Build.0 = Release|Any CPU
	EndGlobalSection
	GlobalSection(SolutionProperties) = preSolution
		HideSolutionNode = FALSE
	EndGlobalSection
	GlobalSection(ExtensibilityGlobals) = postSolution
		SolutionGuid = {E41442B9-475F-4C55-A27D-9C36BF239DF7}
	EndGlobalSection
EndGlobal
